("quicklisp" .
 (:class qlot/source/dist:source-dist
  :initargs (:distribution "https://beta.quicklisp.org/dist/quicklisp.txt" :%version :latest)
  :version "2024-10-12"))
("bohonghuang-cl-gtk4" .
 (:class qlot/source/ultralisp:source-ultralisp
  :initargs (:%version :latest)
  :version "ultralisp-20241227095501"))
("cl-opengl" .
 (:class qlot/source/ql:source-ql
  :initargs (:%version :latest)
  :version "ql-2024-10-12"))
("rtg-math" .
 (:class qlot/source/ql:source-ql
  :initargs (:%version :latest)
  :version "ql-2019-10-07"))
("alexandria" .
 (:class qlot/source/ql:source-ql
  :initargs (:%version :latest)
  :version "ql-2024-10-12"))
("serapeum" .
 (:class qlot/source/ql:source-ql
  :initargs (:%version :latest)
  :version "ql-2024-10-12"))
("shamazmazum-cl-value-noise" .
 (:class qlot/source/ultralisp:source-ultralisp
  :initargs (:%version :latest)
  :version "ultralisp-20241227095501"))
("shamazmazum-stateless-iterators" .
 (:class qlot/source/ultralisp:source-ultralisp
  :initargs (:%version :latest)
  :version "ultralisp-20241227095501"))
("cl-fad" .
 (:class qlot/source/ql:source-ql
  :initargs (:%version :latest)
  :version "ql-2022-02-20"))
("melisgl-named-readtables" .
 (:class qlot/source/ultralisp:source-ultralisp
  :initargs (:%version :latest)
  :version "ultralisp-20251225184000"))
("varjo" .
 (:class qlot/source/github:source-github
  :initargs (:repos "cbaggers/varjo" :ref nil :branch nil :tag nil)
  :version "github-68132f727d17d953ae1f7ac5dbc184df83a65f20"))
("numpy-npy" .
 (:class qlot/source/github:source-github
  :initargs (:repos "shamazmazum/numpy-npy" :ref nil :branch nil :tag "v0.4")
  :version "github-da5790d8378825c8b4b9213ef62da5bdf61aaf58"))
("float-features" .
 (:class qlot/source/ql:source-ql
  :initargs (:%version :latest)
  :version "ql-2026-01-01"))
